# This file is automatically @generated by Cargo.
# It is not intended for manual editing.
version = 3

[[package]]
name = "dissimilar"
version = "1.0.6"
source = "registry+https://github.com/rust-lang/crates.io-index"
checksum = "210ec60ae7d710bed8683e333e9d2855a8a56a3e9892b38bad3bb0d4d29b0d5e"

[[package]]
name = "expect-test"
version = "1.4.1"
source = "registry+https://github.com/rust-lang/crates.io-index"
checksum = "30d9eafeadd538e68fb28016364c9732d78e420b9ff8853fa5e4058861e9f8d3"
dependencies = [
 "dissimilar",
 "once_cell",
]

[[package]]
name = "lexer"
version = "0.0.0"
dependencies = [
 "unicode-ident",
]

[[package]]
name = "once_cell"
version = "1.17.1"
source = "registry+https://github.com/rust-lang/crates.io-index"
checksum = "b7e5500299e16ebb147ae15a00a942af264cf3688f47923b8fc2cd5858f23ad3"

[[package]]
name = "syntax"
version = "0.0.0"
dependencies = [
 "expect-test",
 "lexer",
 "text-size",
]

[[package]]
name = "text-size"
version = "1.1.0"
source = "registry+https://github.com/rust-lang/crates.io-index"
checksum = "288cb548dbe72b652243ea797201f3d481a0609a967980fcc5b2315ea811560a"

[[package]]
name = "unicode-ident"
version = "1.0.8"
source = "registry+https://github.com/rust-lang/crates.io-index"
checksum = "e5464a87b239f13a63a501f2701565754bae92d243d4bb7eb12f6d57d2269bf4"
